
Microsoft Visual Studio Solution File, Format Version 12.00
# Visual Studio Version 16
VisualStudioVersion = 16.0.32802.440
MinimumVisualStudioVersion = 10.0.40219.1
Project("{FAE04EC0-301F-11D3-BF4B-00C04F79EFBC}") = "LINQToObject", "ConsoleApp4\LINQToObject.csproj", "{E2580C12-05EC-4250-BCD0-9FDDE078CF81}"
EndProject
Project("{FAE04EC0-301F-11D3-BF4B-00C04F79EFBC}") = "LINQEmployee", "LINQEmployee\LINQEmployee.csproj", "{EF6C40D4-33FB-4B27-AB9B-698E1F280A61}"
EndProject
Global
	GlobalSection(SolutionConfigurationPlatforms) = preSolution
		Debug|Any CPU = Debug|Any CPU
		Release|Any CPU = Release|Any CPU
	EndGlobalSection
	GlobalSection(ProjectConfigurationPlatforms) = postSolution
		{E2580C12-05EC-4250-BCD0-9FDDE078CF81}.Debug|Any CPU.ActiveCfg = Debug|Any CPU
		{E2580C12-05EC-4250-BCD0-9FDDE078CF81}.Debug|Any CPU.Build.0 = Debug|Any CPU
		{E2580C12-05EC-4250-BCD0-9FDDE078CF81}.Release|Any CPU.ActiveCfg = Release|Any CPU
		{E2580C12-05EC-4250-BCD0-9FDDE078CF81}.Release|Any CPU.Build.0 = Release|Any CPU
		{EF6C40D4-33FB-4B27-AB9B-698E1F280A61}.Debug|Any CPU.ActiveCfg = Debug|Any CPU
		{EF6C40D4-33FB-4B27-AB9B-698E1F280A61}.Debug|Any CPU.Build.0 = Debug|Any CPU
		{EF6C40D4-33FB-4B27-AB9B-698E1F280A61}.Release|Any CPU.ActiveCfg = Release|Any CPU
		{EF6C40D4-33FB-4B27-AB9B-698E1F280A61}.Release|Any CPU.Build.0 = Release|Any CPU
	EndGlobalSection
	GlobalSection(SolutionProperties) = preSolution
		HideSolutionNode = FALSE
	EndGlobalSection
	GlobalSection(ExtensibilityGlobals) = postSolution
		SolutionGuid = {38019984-3379-48C5-A047-6B5D406F8C9B}
	EndGlobalSection
EndGlobal
